
Microsoft Visual Studio Solution File, Format Version 12.00
# Visual Studio Version 16
VisualStudioVersion = 16.0.31025.194
MinimumVisualStudioVersion = 10.0.40219.1
Project("{FAE04EC0-301F-11D3-BF4B-00C04F79EFBC}") = "CarClassLibrary", "CarClassLibrary.csproj", "{DBE75828-F254-47DE-B931-46CBC67AA68A}"
EndProject
Global
	GlobalSection(SolutionConfigurationPlatforms) = preSolution
		Debug|Any CPU = Debug|Any CPU
		Release|Any CPU = Release|Any CPU
	EndGlobalSection
	GlobalSection(ProjectConfigurationPlatforms) = postSolution
		{DBE75828-F254-47DE-B931-46CBC67AA68A}.Debug|Any CPU.ActiveCfg = Debug|Any CPU
		{DBE75828-F254-47DE-B931-46CBC67AA68A}.Debug|Any CPU.Build.0 = Debug|Any CPU
		{DBE75828-F254-47DE-B931-46CBC67AA68A}.Release|Any CPU.ActiveCfg = Release|Any CPU
		{DBE75828-F254-47DE-B931-46CBC67AA68A}.Release|Any CPU.Build.0 = Release|Any CPU
	EndGlobalSection
	GlobalSection(SolutionProperties) = preSolution
		HideSolutionNode = FALSE
	EndGlobalSection
	GlobalSection(ExtensibilityGlobals) = postSolution
		SolutionGuid = {2A9A7024-F2E2-4E7A-A9E8-6FC3A46DA5C7}
	EndGlobalSection
EndGlobal
