
Microsoft Visual Studio Solution File, Format Version 12.00
# Visual Studio Version 16
VisualStudioVersion = 16.0.31025.194
MinimumVisualStudioVersion = 10.0.40219.1
Project("{FAE04EC0-301F-11D3-BF4B-00C04F79EFBC}") = "CarShopConsoleApp", "CarShopConsoleApp.csproj", "{8980916C-23EA-4AB9-9331-E5441C8C661D}"
EndProject
Project("{FAE04EC0-301F-11D3-BF4B-00C04F79EFBC}") = "CarClassLibrary", "..\CarClassLibrary\CarClassLibrary.csproj", "{66272421-2F4A-4D01-BA9D-757AB5FC8452}"
EndProject
Global
	GlobalSection(SolutionConfigurationPlatforms) = preSolution
		Debug|Any CPU = Debug|Any CPU
		Release|Any CPU = Release|Any CPU
	EndGlobalSection
	GlobalSection(ProjectConfigurationPlatforms) = postSolution
		{8980916C-23EA-4AB9-9331-E5441C8C661D}.Debug|Any CPU.ActiveCfg = Debug|Any CPU
		{8980916C-23EA-4AB9-9331-E5441C8C661D}.Debug|Any CPU.Build.0 = Debug|Any CPU
		{8980916C-23EA-4AB9-9331-E5441C8C661D}.Release|Any CPU.ActiveCfg = Release|Any CPU
		{8980916C-23EA-4AB9-9331-E5441C8C661D}.Release|Any CPU.Build.0 = Release|Any CPU
		{66272421-2F4A-4D01-BA9D-757AB5FC8452}.Debug|Any CPU.ActiveCfg = Debug|Any CPU
		{66272421-2F4A-4D01-BA9D-757AB5FC8452}.Debug|Any CPU.Build.0 = Debug|Any CPU
		{66272421-2F4A-4D01-BA9D-757AB5FC8452}.Release|Any CPU.ActiveCfg = Release|Any CPU
		{66272421-2F4A-4D01-BA9D-757AB5FC8452}.Release|Any CPU.Build.0 = Release|Any CPU
	EndGlobalSection
	GlobalSection(SolutionProperties) = preSolution
		HideSolutionNode = FALSE
	EndGlobalSection
	GlobalSection(ExtensibilityGlobals) = postSolution
		SolutionGuid = {C0A6CC9B-5431-4C9C-BE04-BD87E6B99810}
	EndGlobalSection
EndGlobal
