
Microsoft Visual Studio Solution File, Format Version 12.00
# Visual Studio Version 16
VisualStudioVersion = 16.0.31025.194
MinimumVisualStudioVersion = 10.0.40219.1
Project("{FAE04EC0-301F-11D3-BF4B-00C04F79EFBC}") = "HeroMaker", "HeroMaker.csproj", "{35A9E56E-8146-410C-BB19-7BC3FB91469F}"
EndProject
Global
	GlobalSection(SolutionConfigurationPlatforms) = preSolution
		Debug|Any CPU = Debug|Any CPU
		Release|Any CPU = Release|Any CPU
	EndGlobalSection
	GlobalSection(ProjectConfigurationPlatforms) = postSolution
		{35A9E56E-8146-410C-BB19-7BC3FB91469F}.Debug|Any CPU.ActiveCfg = Debug|Any CPU
		{35A9E56E-8146-410C-BB19-7BC3FB91469F}.Debug|Any CPU.Build.0 = Debug|Any CPU
		{35A9E56E-8146-410C-BB19-7BC3FB91469F}.Release|Any CPU.ActiveCfg = Release|Any CPU
		{35A9E56E-8146-410C-BB19-7BC3FB91469F}.Release|Any CPU.Build.0 = Release|Any CPU
	EndGlobalSection
	GlobalSection(SolutionProperties) = preSolution
		HideSolutionNode = FALSE
	EndGlobalSection
	GlobalSection(ExtensibilityGlobals) = postSolution
		SolutionGuid = {34CF5185-1B8A-42BB-B814-7C0BA529709B}
	EndGlobalSection
EndGlobal
